
Microsoft Visual Studio Solution File, Format Version 12.00
# Visual Studio 15
VisualStudioVersion = 15.0.28307.421
MinimumVisualStudioVersion = 10.0.40219.1
Project("{FAE04EC0-301F-11D3-BF4B-00C04F79EFBC}") = "Models", "Models\Models.csproj", "{E031FFDB-E8C9-44C2-9DEB-F50E5BD78267}"
EndProject
Project("{FAE04EC0-301F-11D3-BF4B-00C04F79EFBC}") = "Helpers", "Models\Helpers\Helpers.csproj", "{E093F1B4-5439-4A4D-ACEA-39566C4B2869}"
EndProject
Project("{FAE04EC0-301F-11D3-BF4B-00C04F79EFBC}") = "Quary.New", "Quary.New\Quary.New.csproj", "{5D5D2504-1C8D-499A-9B21-877AF6B617D7}"
EndProject
Project("{FAE04EC0-301F-11D3-BF4B-00C04F79EFBC}") = "Win", "Win\Win.csproj", "{6F820E2A-671F-4A9D-A5A0-17FEA3F13B4C}"
EndProject
Global
	GlobalSection(SolutionConfigurationPlatforms) = preSolution
		Debug|Any CPU = Debug|Any CPU
		Release|Any CPU = Release|Any CPU
	EndGlobalSection
	GlobalSection(ProjectConfigurationPlatforms) = postSolution
		{E031FFDB-E8C9-44C2-9DEB-F50E5BD78267}.Debug|Any CPU.ActiveCfg = Debug|Any CPU
		{E031FFDB-E8C9-44C2-9DEB-F50E5BD78267}.Debug|Any CPU.Build.0 = Debug|Any CPU
		{E031FFDB-E8C9-44C2-9DEB-F50E5BD78267}.Release|Any CPU.ActiveCfg = Release|Any CPU
		{E031FFDB-E8C9-44C2-9DEB-F50E5BD78267}.Release|Any CPU.Build.0 = Release|Any CPU
		{E093F1B4-5439-4A4D-ACEA-39566C4B2869}.Debug|Any CPU.ActiveCfg = Debug|Any CPU
		{E093F1B4-5439-4A4D-ACEA-39566C4B2869}.Debug|Any CPU.Build.0 = Debug|Any CPU
		{E093F1B4-5439-4A4D-ACEA-39566C4B2869}.Release|Any CPU.ActiveCfg = Release|Any CPU
		{E093F1B4-5439-4A4D-ACEA-39566C4B2869}.Release|Any CPU.Build.0 = Release|Any CPU
		{5D5D2504-1C8D-499A-9B21-877AF6B617D7}.Debug|Any CPU.ActiveCfg = Debug|Any CPU
		{5D5D2504-1C8D-499A-9B21-877AF6B617D7}.Debug|Any CPU.Build.0 = Debug|Any CPU
		{5D5D2504-1C8D-499A-9B21-877AF6B617D7}.Release|Any CPU.ActiveCfg = Release|Any CPU
		{5D5D2504-1C8D-499A-9B21-877AF6B617D7}.Release|Any CPU.Build.0 = Release|Any CPU
		{6F820E2A-671F-4A9D-A5A0-17FEA3F13B4C}.Debug|Any CPU.ActiveCfg = Debug|Any CPU
		{6F820E2A-671F-4A9D-A5A0-17FEA3F13B4C}.Debug|Any CPU.Build.0 = Debug|Any CPU
		{6F820E2A-671F-4A9D-A5A0-17FEA3F13B4C}.Release|Any CPU.ActiveCfg = Release|Any CPU
		{6F820E2A-671F-4A9D-A5A0-17FEA3F13B4C}.Release|Any CPU.Build.0 = Release|Any CPU
	EndGlobalSection
	GlobalSection(SolutionProperties) = preSolution
		HideSolutionNode = FALSE
	EndGlobalSection
	GlobalSection(ExtensibilityGlobals) = postSolution
		SolutionGuid = {791173FE-2762-4CE3-87B0-88919CD49C4E}
	EndGlobalSection
EndGlobal
